dependencies:
  espressif/esp-dsp:
    component_hash: fa7fe74305df6da25867437ebcd4213e047cbfc0556cf92067ab657fce537c6e
    dependencies:
    - name: idf
      require: private
      version: '>=4.2'
    source:
      registry_url: https://components.espressif.com/
      type: service
    version: 1.5.2
  espressif/esp-sr:
    component_hash: 3a04ff3977324d7b076bb505829947b0e06c80ec20f72991921de7fa7f229e89
    dependencies:
    - name: espressif/esp-dsp
      registry_url: https://components.espressif.com/
      require: private
      version: ^1.2.1
    - name: idf
      require: private
      version: '>=4.4'
    source:
      registry_url: https://components.espressif.com/
      type: service
    version: 1.6.0
  idf:
    source:
      type: idf
    version: 5.2.2
direct_dependencies:
- espressif/esp-sr
manifest_hash: 3945352e6bffeb3fa55d85112fae11824bedf059e6ee0e74e370ac34e250a48d
target: esp32s3
version: 2.0.0
